
Microsoft Visual Studio Solution File, Format Version 12.00
# Visual Studio Version 16
VisualStudioVersion = 16.0.29102.190
MinimumVisualStudioVersion = 10.0.40219.1
Project("{FAE04EC0-301F-11D3-BF4B-00C04F79EFBC}") = "XamarinActivities.Android", "XamarinActivities\XamarinActivities.Android\XamarinActivities.Android.csproj", "{B3F6847D-C120-49CB-B19E-5BBB621D9EC6}"
EndProject
Project("{FAE04EC0-301F-11D3-BF4B-00C04F79EFBC}") = "XamarinActivities.iOS", "XamarinActivities\XamarinActivities.iOS\XamarinActivities.iOS.csproj", "{33CB3913-C676-4F7B-B84D-D0187BB5233E}"
EndProject
Project("{FAE04EC0-301F-11D3-BF4B-00C04F79EFBC}") = "XamarinActivities", "XamarinActivities\XamarinActivities\XamarinActivities.csproj", "{833FBF35-F06A-4513-A4BC-2BA21A57CA70}"
EndProject
Global
	GlobalSection(SolutionConfigurationPlatforms) = preSolution
		Debug|Any CPU = Debug|Any CPU
		Debug|iPhone = Debug|iPhone
		Debug|iPhoneSimulator = Debug|iPhoneSimulator
		Release|Any CPU = Release|Any CPU
		Release|iPhone = Release|iPhone
		Release|iPhoneSimulator = Release|iPhoneSimulator
	EndGlobalSection
	GlobalSection(ProjectConfigurationPlatforms) = postSolution
		{B3F6847D-C120-49CB-B19E-5BBB621D9EC6}.Debug|Any CPU.ActiveCfg = Debug|Any CPU
		{B3F6847D-C120-49CB-B19E-5BBB621D9EC6}.Debug|Any CPU.Build.0 = Debug|Any CPU
		{B3F6847D-C120-49CB-B19E-5BBB621D9EC6}.Debug|Any CPU.Deploy.0 = Debug|Any CPU
		{B3F6847D-C120-49CB-B19E-5BBB621D9EC6}.Debug|iPhone.ActiveCfg = Debug|Any CPU
		{B3F6847D-C120-49CB-B19E-5BBB621D9EC6}.Debug|iPhone.Build.0 = Debug|Any CPU
		{B3F6847D-C120-49CB-B19E-5BBB621D9EC6}.Debug|iPhone.Deploy.0 = Debug|Any CPU
		{B3F6847D-C120-49CB-B19E-5BBB621D9EC6}.Debug|iPhoneSimulator.ActiveCfg = Debug|Any CPU
		{B3F6847D-C120-49CB-B19E-5BBB621D9EC6}.Debug|iPhoneSimulator.Build.0 = Debug|Any CPU
		{B3F6847D-C120-49CB-B19E-5BBB621D9EC6}.Debug|iPhoneSimulator.Deploy.0 = Debug|Any CPU
		{B3F6847D-C120-49CB-B19E-5BBB621D9EC6}.Release|Any CPU.ActiveCfg = Release|Any CPU
		{B3F6847D-C120-49CB-B19E-5BBB621D9EC6}.Release|Any CPU.Build.0 = Release|Any CPU
		{B3F6847D-C120-49CB-B19E-5BBB621D9EC6}.Release|Any CPU.Deploy.0 = Release|Any CPU
		{B3F6847D-C120-49CB-B19E-5BBB621D9EC6}.Release|iPhone.ActiveCfg = Release|Any CPU
		{B3F6847D-C120-49CB-B19E-5BBB621D9EC6}.Release|iPhone.Build.0 = Release|Any CPU
		{B3F6847D-C120-49CB-B19E-5BBB621D9EC6}.Release|iPhone.Deploy.0 = Release|Any CPU
		{B3F6847D-C120-49CB-B19E-5BBB621D9EC6}.Release|iPhoneSimulator.ActiveCfg = Release|Any CPU
		{B3F6847D-C120-49CB-B19E-5BBB621D9EC6}.Release|iPhoneSimulator.Build.0 = Release|Any CPU
		{B3F6847D-C120-49CB-B19E-5BBB621D9EC6}.Release|iPhoneSimulator.Deploy.0 = Release|Any CPU
		{33CB3913-C676-4F7B-B84D-D0187BB5233E}.Debug|Any CPU.ActiveCfg = Debug|iPhoneSimulator
		{33CB3913-C676-4F7B-B84D-D0187BB5233E}.Debug|Any CPU.Build.0 = Debug|iPhoneSimulator
		{33CB3913-C676-4F7B-B84D-D0187BB5233E}.Debug|Any CPU.Deploy.0 = Debug|iPhoneSimulator
		{33CB3913-C676-4F7B-B84D-D0187BB5233E}.Debug|iPhone.ActiveCfg = Debug|iPhone
		{33CB3913-C676-4F7B-B84D-D0187BB5233E}.Debug|iPhone.Build.0 = Debug|iPhone
		{33CB3913-C676-4F7B-B84D-D0187BB5233E}.Debug|iPhone.Deploy.0 = Debug|iPhone
		{33CB3913-C676-4F7B-B84D-D0187BB5233E}.Debug|iPhoneSimulator.ActiveCfg = Debug|iPhoneSimulator
		{33CB3913-C676-4F7B-B84D-D0187BB5233E}.Debug|iPhoneSimulator.Build.0 = Debug|iPhoneSimulator
		{33CB3913-C676-4F7B-B84D-D0187BB5233E}.Debug|iPhoneSimulator.Deploy.0 = Debug|iPhoneSimulator
		{33CB3913-C676-4F7B-B84D-D0187BB5233E}.Release|Any CPU.ActiveCfg = Release|iPhone
		{33CB3913-C676-4F7B-B84D-D0187BB5233E}.Release|Any CPU.Build.0 = Release|iPhone
		{33CB3913-C676-4F7B-B84D-D0187BB5233E}.Release|Any CPU.Deploy.0 = Release|iPhone
		{33CB3913-C676-4F7B-B84D-D0187BB5233E}.Release|iPhone.ActiveCfg = Release|iPhone
		{33CB3913-C676-4F7B-B84D-D0187BB5233E}.Release|iPhone.Build.0 = Release|iPhone
		{33CB3913-C676-4F7B-B84D-D0187BB5233E}.Release|iPhone.Deploy.0 = Release|iPhone
		{33CB3913-C676-4F7B-B84D-D0187BB5233E}.Release|iPhoneSimulator.ActiveCfg = Release|iPhoneSimulator
		{33CB3913-C676-4F7B-B84D-D0187BB5233E}.Release|iPhoneSimulator.Build.0 = Release|iPhoneSimulator
		{33CB3913-C676-4F7B-B84D-D0187BB5233E}.Release|iPhoneSimulator.Deploy.0 = Release|iPhoneSimulator
		{833FBF35-F06A-4513-A4BC-2BA21A57CA70}.Debug|Any CPU.ActiveCfg = Debug|Any CPU
		{833FBF35-F06A-4513-A4BC-2BA21A57CA70}.Debug|Any CPU.Build.0 = Debug|Any CPU
		{833FBF35-F06A-4513-A4BC-2BA21A57CA70}.Debug|Any CPU.Deploy.0 = Debug|Any CPU
		{833FBF35-F06A-4513-A4BC-2BA21A57CA70}.Debug|iPhone.ActiveCfg = Debug|Any CPU
		{833FBF35-F06A-4513-A4BC-2BA21A57CA70}.Debug|iPhone.Build.0 = Debug|Any CPU
		{833FBF35-F06A-4513-A4BC-2BA21A57CA70}.Debug|iPhone.Deploy.0 = Debug|Any CPU
		{833FBF35-F06A-4513-A4BC-2BA21A57CA70}.Debug|iPhoneSimulator.ActiveCfg = Debug|Any CPU
		{833FBF35-F06A-4513-A4BC-2BA21A57CA70}.Debug|iPhoneSimulator.Build.0 = Debug|Any CPU
		{833FBF35-F06A-4513-A4BC-2BA21A57CA70}.Debug|iPhoneSimulator.Deploy.0 = Debug|Any CPU
		{833FBF35-F06A-4513-A4BC-2BA21A57CA70}.Release|Any CPU.ActiveCfg = Release|Any CPU
		{833FBF35-F06A-4513-A4BC-2BA21A57CA70}.Release|Any CPU.Build.0 = Release|Any CPU
		{833FBF35-F06A-4513-A4BC-2BA21A57CA70}.Release|Any CPU.Deploy.0 = Release|Any CPU
		{833FBF35-F06A-4513-A4BC-2BA21A57CA70}.Release|iPhone.ActiveCfg = Release|Any CPU
		{833FBF35-F06A-4513-A4BC-2BA21A57CA70}.Release|iPhone.Build.0 = Release|Any CPU
		{833FBF35-F06A-4513-A4BC-2BA21A57CA70}.Release|iPhone.Deploy.0 = Release|Any CPU
		{833FBF35-F06A-4513-A4BC-2BA21A57CA70}.Release|iPhoneSimulator.ActiveCfg = Release|Any CPU
		{833FBF35-F06A-4513-A4BC-2BA21A57CA70}.Release|iPhoneSimulator.Build.0 = Release|Any CPU
		{833FBF35-F06A-4513-A4BC-2BA21A57CA70}.Release|iPhoneSimulator.Deploy.0 = Release|Any CPU
	EndGlobalSection
	GlobalSection(SolutionProperties) = preSolution
		HideSolutionNode = FALSE
	EndGlobalSection
	GlobalSection(ExtensibilityGlobals) = postSolution
		SolutionGuid = {8C432977-C557-4483-A6D4-C58BF04B6140}
	EndGlobalSection
EndGlobal
