
Microsoft Visual Studio Solution File, Format Version 12.00
# Visual Studio Version 16
VisualStudioVersion = 16.0.29102.190
MinimumVisualStudioVersion = 10.0.40219.1
Project("{FAE04EC0-301F-11D3-BF4B-00C04F79EFBC}") = "XamarinExercise.Android", "XamarinExercise\XamarinExercise.Android\XamarinExercise.Android.csproj", "{8B65DFF8-49DA-4269-8BAB-9BA6FBF438E6}"
EndProject
Project("{FAE04EC0-301F-11D3-BF4B-00C04F79EFBC}") = "XamarinExercise.iOS", "XamarinExercise\XamarinExercise.iOS\XamarinExercise.iOS.csproj", "{D2971D63-76AA-4034-BC5C-26EE12CF156F}"
EndProject
Project("{FAE04EC0-301F-11D3-BF4B-00C04F79EFBC}") = "XamarinExercise", "XamarinExercise\XamarinExercise\XamarinExercise.csproj", "{4D9519FE-2A36-4E6A-9E8F-753050F02F04}"
EndProject
Global
	GlobalSection(SolutionConfigurationPlatforms) = preSolution
		Debug|Any CPU = Debug|Any CPU
		Debug|iPhone = Debug|iPhone
		Debug|iPhoneSimulator = Debug|iPhoneSimulator
		Release|Any CPU = Release|Any CPU
		Release|iPhone = Release|iPhone
		Release|iPhoneSimulator = Release|iPhoneSimulator
	EndGlobalSection
	GlobalSection(ProjectConfigurationPlatforms) = postSolution
		{8B65DFF8-49DA-4269-8BAB-9BA6FBF438E6}.Debug|Any CPU.ActiveCfg = Debug|Any CPU
		{8B65DFF8-49DA-4269-8BAB-9BA6FBF438E6}.Debug|Any CPU.Build.0 = Debug|Any CPU
		{8B65DFF8-49DA-4269-8BAB-9BA6FBF438E6}.Debug|Any CPU.Deploy.0 = Debug|Any CPU
		{8B65DFF8-49DA-4269-8BAB-9BA6FBF438E6}.Debug|iPhone.ActiveCfg = Debug|Any CPU
		{8B65DFF8-49DA-4269-8BAB-9BA6FBF438E6}.Debug|iPhone.Build.0 = Debug|Any CPU
		{8B65DFF8-49DA-4269-8BAB-9BA6FBF438E6}.Debug|iPhone.Deploy.0 = Debug|Any CPU
		{8B65DFF8-49DA-4269-8BAB-9BA6FBF438E6}.Debug|iPhoneSimulator.ActiveCfg = Debug|Any CPU
		{8B65DFF8-49DA-4269-8BAB-9BA6FBF438E6}.Debug|iPhoneSimulator.Build.0 = Debug|Any CPU
		{8B65DFF8-49DA-4269-8BAB-9BA6FBF438E6}.Debug|iPhoneSimulator.Deploy.0 = Debug|Any CPU
		{8B65DFF8-49DA-4269-8BAB-9BA6FBF438E6}.Release|Any CPU.ActiveCfg = Release|Any CPU
		{8B65DFF8-49DA-4269-8BAB-9BA6FBF438E6}.Release|Any CPU.Build.0 = Release|Any CPU
		{8B65DFF8-49DA-4269-8BAB-9BA6FBF438E6}.Release|Any CPU.Deploy.0 = Release|Any CPU
		{8B65DFF8-49DA-4269-8BAB-9BA6FBF438E6}.Release|iPhone.ActiveCfg = Release|Any CPU
		{8B65DFF8-49DA-4269-8BAB-9BA6FBF438E6}.Release|iPhone.Build.0 = Release|Any CPU
		{8B65DFF8-49DA-4269-8BAB-9BA6FBF438E6}.Release|iPhone.Deploy.0 = Release|Any CPU
		{8B65DFF8-49DA-4269-8BAB-9BA6FBF438E6}.Release|iPhoneSimulator.ActiveCfg = Release|Any CPU
		{8B65DFF8-49DA-4269-8BAB-9BA6FBF438E6}.Release|iPhoneSimulator.Build.0 = Release|Any CPU
		{8B65DFF8-49DA-4269-8BAB-9BA6FBF438E6}.Release|iPhoneSimulator.Deploy.0 = Release|Any CPU
		{D2971D63-76AA-4034-BC5C-26EE12CF156F}.Debug|Any CPU.ActiveCfg = Debug|iPhoneSimulator
		{D2971D63-76AA-4034-BC5C-26EE12CF156F}.Debug|Any CPU.Build.0 = Debug|iPhoneSimulator
		{D2971D63-76AA-4034-BC5C-26EE12CF156F}.Debug|Any CPU.Deploy.0 = Debug|iPhoneSimulator
		{D2971D63-76AA-4034-BC5C-26EE12CF156F}.Debug|iPhone.ActiveCfg = Debug|iPhone
		{D2971D63-76AA-4034-BC5C-26EE12CF156F}.Debug|iPhone.Build.0 = Debug|iPhone
		{D2971D63-76AA-4034-BC5C-26EE12CF156F}.Debug|iPhone.Deploy.0 = Debug|iPhone
		{D2971D63-76AA-4034-BC5C-26EE12CF156F}.Debug|iPhoneSimulator.ActiveCfg = Debug|iPhoneSimulator
		{D2971D63-76AA-4034-BC5C-26EE12CF156F}.Debug|iPhoneSimulator.Build.0 = Debug|iPhoneSimulator
		{D2971D63-76AA-4034-BC5C-26EE12CF156F}.Debug|iPhoneSimulator.Deploy.0 = Debug|iPhoneSimulator
		{D2971D63-76AA-4034-BC5C-26EE12CF156F}.Release|Any CPU.ActiveCfg = Release|iPhone
		{D2971D63-76AA-4034-BC5C-26EE12CF156F}.Release|Any CPU.Build.0 = Release|iPhone
		{D2971D63-76AA-4034-BC5C-26EE12CF156F}.Release|Any CPU.Deploy.0 = Release|iPhone
		{D2971D63-76AA-4034-BC5C-26EE12CF156F}.Release|iPhone.ActiveCfg = Release|iPhone
		{D2971D63-76AA-4034-BC5C-26EE12CF156F}.Release|iPhone.Build.0 = Release|iPhone
		{D2971D63-76AA-4034-BC5C-26EE12CF156F}.Release|iPhone.Deploy.0 = Release|iPhone
		{D2971D63-76AA-4034-BC5C-26EE12CF156F}.Release|iPhoneSimulator.ActiveCfg = Release|iPhoneSimulator
		{D2971D63-76AA-4034-BC5C-26EE12CF156F}.Release|iPhoneSimulator.Build.0 = Release|iPhoneSimulator
		{D2971D63-76AA-4034-BC5C-26EE12CF156F}.Release|iPhoneSimulator.Deploy.0 = Release|iPhoneSimulator
		{4D9519FE-2A36-4E6A-9E8F-753050F02F04}.Debug|Any CPU.ActiveCfg = Debug|Any CPU
		{4D9519FE-2A36-4E6A-9E8F-753050F02F04}.Debug|Any CPU.Build.0 = Debug|Any CPU
		{4D9519FE-2A36-4E6A-9E8F-753050F02F04}.Debug|Any CPU.Deploy.0 = Debug|Any CPU
		{4D9519FE-2A36-4E6A-9E8F-753050F02F04}.Debug|iPhone.ActiveCfg = Debug|Any CPU
		{4D9519FE-2A36-4E6A-9E8F-753050F02F04}.Debug|iPhone.Build.0 = Debug|Any CPU
		{4D9519FE-2A36-4E6A-9E8F-753050F02F04}.Debug|iPhone.Deploy.0 = Debug|Any CPU
		{4D9519FE-2A36-4E6A-9E8F-753050F02F04}.Debug|iPhoneSimulator.ActiveCfg = Debug|Any CPU
		{4D9519FE-2A36-4E6A-9E8F-753050F02F04}.Debug|iPhoneSimulator.Build.0 = Debug|Any CPU
		{4D9519FE-2A36-4E6A-9E8F-753050F02F04}.Debug|iPhoneSimulator.Deploy.0 = Debug|Any CPU
		{4D9519FE-2A36-4E6A-9E8F-753050F02F04}.Release|Any CPU.ActiveCfg = Release|Any CPU
		{4D9519FE-2A36-4E6A-9E8F-753050F02F04}.Release|Any CPU.Build.0 = Release|Any CPU
		{4D9519FE-2A36-4E6A-9E8F-753050F02F04}.Release|Any CPU.Deploy.0 = Release|Any CPU
		{4D9519FE-2A36-4E6A-9E8F-753050F02F04}.Release|iPhone.ActiveCfg = Release|Any CPU
		{4D9519FE-2A36-4E6A-9E8F-753050F02F04}.Release|iPhone.Build.0 = Release|Any CPU
		{4D9519FE-2A36-4E6A-9E8F-753050F02F04}.Release|iPhone.Deploy.0 = Release|Any CPU
		{4D9519FE-2A36-4E6A-9E8F-753050F02F04}.Release|iPhoneSimulator.ActiveCfg = Release|Any CPU
		{4D9519FE-2A36-4E6A-9E8F-753050F02F04}.Release|iPhoneSimulator.Build.0 = Release|Any CPU
		{4D9519FE-2A36-4E6A-9E8F-753050F02F04}.Release|iPhoneSimulator.Deploy.0 = Release|Any CPU
	EndGlobalSection
	GlobalSection(SolutionProperties) = preSolution
		HideSolutionNode = FALSE
	EndGlobalSection
	GlobalSection(ExtensibilityGlobals) = postSolution
		SolutionGuid = {6A15D072-8B24-46F5-9991-1153F81DD82F}
	EndGlobalSection
EndGlobal
