
Microsoft Visual Studio Solution File, Format Version 12.00
# Visual Studio Version 16
VisualStudioVersion = 16.0.29102.190
MinimumVisualStudioVersion = 10.0.40219.1
Project("{FAE04EC0-301F-11D3-BF4B-00C04F79EFBC}") = "XamarinActivities.Android", "XamarinActivities\XamarinActivities.Android\XamarinActivities.Android.csproj", "{925A5311-CB88-4771-BE8C-1359EA07E4A2}"
EndProject
Project("{FAE04EC0-301F-11D3-BF4B-00C04F79EFBC}") = "XamarinActivities.iOS", "XamarinActivities\XamarinActivities.iOS\XamarinActivities.iOS.csproj", "{4BE9D209-D476-4AA2-A028-53F550FB699A}"
EndProject
Project("{FAE04EC0-301F-11D3-BF4B-00C04F79EFBC}") = "XamarinActivities", "XamarinActivities\XamarinActivities\XamarinActivities.csproj", "{8FA2BCD2-9FD5-4625-B98E-29C9A823DB89}"
EndProject
Global
	GlobalSection(SolutionConfigurationPlatforms) = preSolution
		Debug|Any CPU = Debug|Any CPU
		Debug|iPhone = Debug|iPhone
		Debug|iPhoneSimulator = Debug|iPhoneSimulator
		Release|Any CPU = Release|Any CPU
		Release|iPhone = Release|iPhone
		Release|iPhoneSimulator = Release|iPhoneSimulator
	EndGlobalSection
	GlobalSection(ProjectConfigurationPlatforms) = postSolution
		{925A5311-CB88-4771-BE8C-1359EA07E4A2}.Debug|Any CPU.ActiveCfg = Debug|Any CPU
		{925A5311-CB88-4771-BE8C-1359EA07E4A2}.Debug|Any CPU.Build.0 = Debug|Any CPU
		{925A5311-CB88-4771-BE8C-1359EA07E4A2}.Debug|Any CPU.Deploy.0 = Debug|Any CPU
		{925A5311-CB88-4771-BE8C-1359EA07E4A2}.Debug|iPhone.ActiveCfg = Debug|Any CPU
		{925A5311-CB88-4771-BE8C-1359EA07E4A2}.Debug|iPhone.Build.0 = Debug|Any CPU
		{925A5311-CB88-4771-BE8C-1359EA07E4A2}.Debug|iPhone.Deploy.0 = Debug|Any CPU
		{925A5311-CB88-4771-BE8C-1359EA07E4A2}.Debug|iPhoneSimulator.ActiveCfg = Debug|Any CPU
		{925A5311-CB88-4771-BE8C-1359EA07E4A2}.Debug|iPhoneSimulator.Build.0 = Debug|Any CPU
		{925A5311-CB88-4771-BE8C-1359EA07E4A2}.Debug|iPhoneSimulator.Deploy.0 = Debug|Any CPU
		{925A5311-CB88-4771-BE8C-1359EA07E4A2}.Release|Any CPU.ActiveCfg = Release|Any CPU
		{925A5311-CB88-4771-BE8C-1359EA07E4A2}.Release|Any CPU.Build.0 = Release|Any CPU
		{925A5311-CB88-4771-BE8C-1359EA07E4A2}.Release|Any CPU.Deploy.0 = Release|Any CPU
		{925A5311-CB88-4771-BE8C-1359EA07E4A2}.Release|iPhone.ActiveCfg = Release|Any CPU
		{925A5311-CB88-4771-BE8C-1359EA07E4A2}.Release|iPhone.Build.0 = Release|Any CPU
		{925A5311-CB88-4771-BE8C-1359EA07E4A2}.Release|iPhone.Deploy.0 = Release|Any CPU
		{925A5311-CB88-4771-BE8C-1359EA07E4A2}.Release|iPhoneSimulator.ActiveCfg = Release|Any CPU
		{925A5311-CB88-4771-BE8C-1359EA07E4A2}.Release|iPhoneSimulator.Build.0 = Release|Any CPU
		{925A5311-CB88-4771-BE8C-1359EA07E4A2}.Release|iPhoneSimulator.Deploy.0 = Release|Any CPU
		{4BE9D209-D476-4AA2-A028-53F550FB699A}.Debug|Any CPU.ActiveCfg = Debug|iPhoneSimulator
		{4BE9D209-D476-4AA2-A028-53F550FB699A}.Debug|Any CPU.Build.0 = Debug|iPhoneSimulator
		{4BE9D209-D476-4AA2-A028-53F550FB699A}.Debug|Any CPU.Deploy.0 = Debug|iPhoneSimulator
		{4BE9D209-D476-4AA2-A028-53F550FB699A}.Debug|iPhone.ActiveCfg = Debug|iPhone
		{4BE9D209-D476-4AA2-A028-53F550FB699A}.Debug|iPhone.Build.0 = Debug|iPhone
		{4BE9D209-D476-4AA2-A028-53F550FB699A}.Debug|iPhone.Deploy.0 = Debug|iPhone
		{4BE9D209-D476-4AA2-A028-53F550FB699A}.Debug|iPhoneSimulator.ActiveCfg = Debug|iPhoneSimulator
		{4BE9D209-D476-4AA2-A028-53F550FB699A}.Debug|iPhoneSimulator.Build.0 = Debug|iPhoneSimulator
		{4BE9D209-D476-4AA2-A028-53F550FB699A}.Debug|iPhoneSimulator.Deploy.0 = Debug|iPhoneSimulator
		{4BE9D209-D476-4AA2-A028-53F550FB699A}.Release|Any CPU.ActiveCfg = Release|iPhone
		{4BE9D209-D476-4AA2-A028-53F550FB699A}.Release|Any CPU.Build.0 = Release|iPhone
		{4BE9D209-D476-4AA2-A028-53F550FB699A}.Release|Any CPU.Deploy.0 = Release|iPhone
		{4BE9D209-D476-4AA2-A028-53F550FB699A}.Release|iPhone.ActiveCfg = Release|iPhone
		{4BE9D209-D476-4AA2-A028-53F550FB699A}.Release|iPhone.Build.0 = Release|iPhone
		{4BE9D209-D476-4AA2-A028-53F550FB699A}.Release|iPhone.Deploy.0 = Release|iPhone
		{4BE9D209-D476-4AA2-A028-53F550FB699A}.Release|iPhoneSimulator.ActiveCfg = Release|iPhoneSimulator
		{4BE9D209-D476-4AA2-A028-53F550FB699A}.Release|iPhoneSimulator.Build.0 = Release|iPhoneSimulator
		{4BE9D209-D476-4AA2-A028-53F550FB699A}.Release|iPhoneSimulator.Deploy.0 = Release|iPhoneSimulator
		{8FA2BCD2-9FD5-4625-B98E-29C9A823DB89}.Debug|Any CPU.ActiveCfg = Debug|Any CPU
		{8FA2BCD2-9FD5-4625-B98E-29C9A823DB89}.Debug|Any CPU.Build.0 = Debug|Any CPU
		{8FA2BCD2-9FD5-4625-B98E-29C9A823DB89}.Debug|Any CPU.Deploy.0 = Debug|Any CPU
		{8FA2BCD2-9FD5-4625-B98E-29C9A823DB89}.Debug|iPhone.ActiveCfg = Debug|Any CPU
		{8FA2BCD2-9FD5-4625-B98E-29C9A823DB89}.Debug|iPhone.Build.0 = Debug|Any CPU
		{8FA2BCD2-9FD5-4625-B98E-29C9A823DB89}.Debug|iPhone.Deploy.0 = Debug|Any CPU
		{8FA2BCD2-9FD5-4625-B98E-29C9A823DB89}.Debug|iPhoneSimulator.ActiveCfg = Debug|Any CPU
		{8FA2BCD2-9FD5-4625-B98E-29C9A823DB89}.Debug|iPhoneSimulator.Build.0 = Debug|Any CPU
		{8FA2BCD2-9FD5-4625-B98E-29C9A823DB89}.Debug|iPhoneSimulator.Deploy.0 = Debug|Any CPU
		{8FA2BCD2-9FD5-4625-B98E-29C9A823DB89}.Release|Any CPU.ActiveCfg = Release|Any CPU
		{8FA2BCD2-9FD5-4625-B98E-29C9A823DB89}.Release|Any CPU.Build.0 = Release|Any CPU
		{8FA2BCD2-9FD5-4625-B98E-29C9A823DB89}.Release|Any CPU.Deploy.0 = Release|Any CPU
		{8FA2BCD2-9FD5-4625-B98E-29C9A823DB89}.Release|iPhone.ActiveCfg = Release|Any CPU
		{8FA2BCD2-9FD5-4625-B98E-29C9A823DB89}.Release|iPhone.Build.0 = Release|Any CPU
		{8FA2BCD2-9FD5-4625-B98E-29C9A823DB89}.Release|iPhone.Deploy.0 = Release|Any CPU
		{8FA2BCD2-9FD5-4625-B98E-29C9A823DB89}.Release|iPhoneSimulator.ActiveCfg = Release|Any CPU
		{8FA2BCD2-9FD5-4625-B98E-29C9A823DB89}.Release|iPhoneSimulator.Build.0 = Release|Any CPU
		{8FA2BCD2-9FD5-4625-B98E-29C9A823DB89}.Release|iPhoneSimulator.Deploy.0 = Release|Any CPU
	EndGlobalSection
	GlobalSection(SolutionProperties) = preSolution
		HideSolutionNode = FALSE
	EndGlobalSection
	GlobalSection(ExtensibilityGlobals) = postSolution
		SolutionGuid = {99217402-2061-45D9-9AC6-172E0B1E555F}
	EndGlobalSection
EndGlobal
